
Microsoft Visual Studio Solution File, Format Version 12.00
# Visual Studio Version 17
VisualStudioVersion = 17.0.31919.166
MinimumVisualStudioVersion = 10.0.40219.1
Project("{9A19103F-16F7-4668-BE54-9A1E7A4F7556}") = "Brew", "Brew\Brew.csproj", "{A4E54BE8-E45B-47AD-B68E-94EC00211CC6}"
EndProject
Project("{9A19103F-16F7-4668-BE54-9A1E7A4F7556}") = "Brew.Generators", "Brew.Analyzers\Brew.Generators.csproj", "{4E0F2304-AF78-4938-ADDD-CA7531D01C47}"
EndProject
Project("{9A19103F-16F7-4668-BE54-9A1E7A4F7556}") = "Brew.Console", "Brew.Console\Brew.Console.csproj", "{26942EA9-885C-496E-8FDC-68C4B83DFB51}"
	ProjectSection(ProjectDependencies) = postProject
		{8F98FC79-CBF2-41DD-A1D1-AD74AFCFF172} = {8F98FC79-CBF2-41DD-A1D1-AD74AFCFF172}
		{9DE2FAB7-F3C3-4F4B-8590-8B5FB9282E2C} = {9DE2FAB7-F3C3-4F4B-8590-8B5FB9282E2C}
		{C88D55D4-E64E-45BF-A419-44006433217D} = {C88D55D4-E64E-45BF-A419-44006433217D}
		{745EF829-8025-499A-B483-B2731D07B637} = {745EF829-8025-499A-B483-B2731D07B637}
		{AC9A07C7-CA2B-4449-B72E-0916C3B60CDF} = {AC9A07C7-CA2B-4449-B72E-0916C3B60CDF}
		{4F916F23-08DD-4037-B18C-93F26DCDA65F} = {4F916F23-08DD-4037-B18C-93F26DCDA65F}
		{8930E6AC-855E-4A99-B79E-0CCFA1FD1240} = {8930E6AC-855E-4A99-B79E-0CCFA1FD1240}
		{9FF067CB-EF94-45D8-B68C-3202328E19D6} = {9FF067CB-EF94-45D8-B68C-3202328E19D6}
		{653B4CCF-F4D0-44F5-8762-AE532C0CD233} = {653B4CCF-F4D0-44F5-8762-AE532C0CD233}
		{A594C445-0D76-4BB4-8A83-DB8D530D217C} = {A594C445-0D76-4BB4-8A83-DB8D530D217C}
		{C0F8A7FE-0695-411F-A362-32A1841365A3} = {C0F8A7FE-0695-411F-A362-32A1841365A3}
		{B84506A5-8039-4CA2-B457-D72EB41196C8} = {B84506A5-8039-4CA2-B457-D72EB41196C8}
		{B73DA633-133E-4B12-8DDE-CEE1E1D26E93} = {B73DA633-133E-4B12-8DDE-CEE1E1D26E93}
		{4E0F2304-AF78-4938-ADDD-CA7531D01C47} = {4E0F2304-AF78-4938-ADDD-CA7531D01C47}
	EndProjectSection
EndProject
Project("{FAE04EC0-301F-11D3-BF4B-00C04F79EFBC}") = "Brew.Features.Events", "Brew.Features.Events\Brew.Features.Events.csproj", "{AC9A07C7-CA2B-4449-B72E-0916C3B60CDF}"
EndProject
Project("{FAE04EC0-301F-11D3-BF4B-00C04F79EFBC}") = "Brew.Features.DynamicRuntime", "Brew.Features.DynamicRuntime\Brew.Features.DynamicRuntime.csproj", "{C88D55D4-E64E-45BF-A419-44006433217D}"
EndProject
Project("{FAE04EC0-301F-11D3-BF4B-00C04F79EFBC}") = "Brew.Features.ImmutableRecords", "Brew.Features.ImmutableRecords\Brew.Features.ImmutableRecords.csproj", "{8930E6AC-855E-4A99-B79E-0CCFA1FD1240}"
EndProject
Project("{FAE04EC0-301F-11D3-BF4B-00C04F79EFBC}") = "Brew.Features.Types", "Brew.Features.Types\Brew.Features.Types.csproj", "{B73DA633-133E-4B12-8DDE-CEE1E1D26E93}"
EndProject
Project("{FAE04EC0-301F-11D3-BF4B-00C04F79EFBC}") = "Brew.Features.PatternMatching", "Brew.Features.PatternMatching\Brew.Features.PatternMatching.csproj", "{C0F8A7FE-0695-411F-A362-32A1841365A3}"
EndProject
Project("{FAE04EC0-301F-11D3-BF4B-00C04F79EFBC}") = "Brew.Features.InMemoryMessageBus", "Brew.Features.InMemoryMessageBus\Brew.Features.InMemoryMessageBus.csproj", "{9FF067CB-EF94-45D8-B68C-3202328E19D6}"
EndProject
Project("{FAE04EC0-301F-11D3-BF4B-00C04F79EFBC}") = "Brew.Features.Pipes", "Brew.Features.Pipes\Brew.Features.Pipes.csproj", "{B84506A5-8039-4CA2-B457-D72EB41196C8}"
EndProject
Project("{FAE04EC0-301F-11D3-BF4B-00C04F79EFBC}") = "Brew.Features.Linq", "Brew.Features.Linq\Brew.Features.Linq.csproj", "{653B4CCF-F4D0-44F5-8762-AE532C0CD233}"
EndProject
Project("{FAE04EC0-301F-11D3-BF4B-00C04F79EFBC}") = "Brew.Features.MediatR", "Brew.Features.MediatR\Brew.Features.MediatR.csproj", "{A594C445-0D76-4BB4-8A83-DB8D530D217C}"
EndProject
Project("{FAE04EC0-301F-11D3-BF4B-00C04F79EFBC}") = "Brew.Features.HiddenKeywords", "Brew.Features.HiddenKeywords\Brew.Features.HiddenKeywords.csproj", "{4F916F23-08DD-4037-B18C-93F26DCDA65F}"
EndProject
Project("{FAE04EC0-301F-11D3-BF4B-00C04F79EFBC}") = "Brew.Features.Avro", "Brew.Features.Avro\Brew.Features.Avro.csproj", "{8F98FC79-CBF2-41DD-A1D1-AD74AFCFF172}"
EndProject
Project("{FAE04EC0-301F-11D3-BF4B-00C04F79EFBC}") = "Brew.Features.Avro.Models", "Brew.Features.Avro.Models\Brew.Features.Avro.Models.csproj", "{9DE2FAB7-F3C3-4F4B-8590-8B5FB9282E2C}"
EndProject
Project("{FAE04EC0-301F-11D3-BF4B-00C04F79EFBC}") = "Brew.Features.Avro.SourceGenerator", "Brew.Features.Avro.SourceGenerator\Brew.Features.Avro.SourceGenerator\Brew.Features.Avro.SourceGenerator.csproj", "{745EF829-8025-499A-B483-B2731D07B637}"
EndProject
Global
	GlobalSection(SolutionConfigurationPlatforms) = preSolution
		Debug|Any CPU = Debug|Any CPU
		Release|Any CPU = Release|Any CPU
	EndGlobalSection
	GlobalSection(ProjectConfigurationPlatforms) = postSolution
		{A4E54BE8-E45B-47AD-B68E-94EC00211CC6}.Debug|Any CPU.ActiveCfg = Debug|Any CPU
		{A4E54BE8-E45B-47AD-B68E-94EC00211CC6}.Debug|Any CPU.Build.0 = Debug|Any CPU
		{A4E54BE8-E45B-47AD-B68E-94EC00211CC6}.Release|Any CPU.ActiveCfg = Release|Any CPU
		{A4E54BE8-E45B-47AD-B68E-94EC00211CC6}.Release|Any CPU.Build.0 = Release|Any CPU
		{4E0F2304-AF78-4938-ADDD-CA7531D01C47}.Debug|Any CPU.ActiveCfg = Debug|Any CPU
		{4E0F2304-AF78-4938-ADDD-CA7531D01C47}.Debug|Any CPU.Build.0 = Debug|Any CPU
		{4E0F2304-AF78-4938-ADDD-CA7531D01C47}.Release|Any CPU.ActiveCfg = Release|Any CPU
		{4E0F2304-AF78-4938-ADDD-CA7531D01C47}.Release|Any CPU.Build.0 = Release|Any CPU
		{26942EA9-885C-496E-8FDC-68C4B83DFB51}.Debug|Any CPU.ActiveCfg = Debug|Any CPU
		{26942EA9-885C-496E-8FDC-68C4B83DFB51}.Debug|Any CPU.Build.0 = Debug|Any CPU
		{26942EA9-885C-496E-8FDC-68C4B83DFB51}.Release|Any CPU.ActiveCfg = Release|Any CPU
		{26942EA9-885C-496E-8FDC-68C4B83DFB51}.Release|Any CPU.Build.0 = Release|Any CPU
		{AC9A07C7-CA2B-4449-B72E-0916C3B60CDF}.Debug|Any CPU.ActiveCfg = Debug|Any CPU
		{AC9A07C7-CA2B-4449-B72E-0916C3B60CDF}.Debug|Any CPU.Build.0 = Debug|Any CPU
		{AC9A07C7-CA2B-4449-B72E-0916C3B60CDF}.Release|Any CPU.ActiveCfg = Release|Any CPU
		{AC9A07C7-CA2B-4449-B72E-0916C3B60CDF}.Release|Any CPU.Build.0 = Release|Any CPU
		{C88D55D4-E64E-45BF-A419-44006433217D}.Debug|Any CPU.ActiveCfg = Debug|Any CPU
		{C88D55D4-E64E-45BF-A419-44006433217D}.Debug|Any CPU.Build.0 = Debug|Any CPU
		{C88D55D4-E64E-45BF-A419-44006433217D}.Release|Any CPU.ActiveCfg = Release|Any CPU
		{C88D55D4-E64E-45BF-A419-44006433217D}.Release|Any CPU.Build.0 = Release|Any CPU
		{8930E6AC-855E-4A99-B79E-0CCFA1FD1240}.Debug|Any CPU.ActiveCfg = Debug|Any CPU
		{8930E6AC-855E-4A99-B79E-0CCFA1FD1240}.Debug|Any CPU.Build.0 = Debug|Any CPU
		{8930E6AC-855E-4A99-B79E-0CCFA1FD1240}.Release|Any CPU.ActiveCfg = Release|Any CPU
		{8930E6AC-855E-4A99-B79E-0CCFA1FD1240}.Release|Any CPU.Build.0 = Release|Any CPU
		{B73DA633-133E-4B12-8DDE-CEE1E1D26E93}.Debug|Any CPU.ActiveCfg = Debug|Any CPU
		{B73DA633-133E-4B12-8DDE-CEE1E1D26E93}.Debug|Any CPU.Build.0 = Debug|Any CPU
		{B73DA633-133E-4B12-8DDE-CEE1E1D26E93}.Release|Any CPU.ActiveCfg = Release|Any CPU
		{B73DA633-133E-4B12-8DDE-CEE1E1D26E93}.Release|Any CPU.Build.0 = Release|Any CPU
		{C0F8A7FE-0695-411F-A362-32A1841365A3}.Debug|Any CPU.ActiveCfg = Debug|Any CPU
		{C0F8A7FE-0695-411F-A362-32A1841365A3}.Debug|Any CPU.Build.0 = Debug|Any CPU
		{C0F8A7FE-0695-411F-A362-32A1841365A3}.Release|Any CPU.ActiveCfg = Release|Any CPU
		{C0F8A7FE-0695-411F-A362-32A1841365A3}.Release|Any CPU.Build.0 = Release|Any CPU
		{9FF067CB-EF94-45D8-B68C-3202328E19D6}.Debug|Any CPU.ActiveCfg = Debug|Any CPU
		{9FF067CB-EF94-45D8-B68C-3202328E19D6}.Debug|Any CPU.Build.0 = Debug|Any CPU
		{9FF067CB-EF94-45D8-B68C-3202328E19D6}.Release|Any CPU.ActiveCfg = Release|Any CPU
		{9FF067CB-EF94-45D8-B68C-3202328E19D6}.Release|Any CPU.Build.0 = Release|Any CPU
		{B84506A5-8039-4CA2-B457-D72EB41196C8}.Debug|Any CPU.ActiveCfg = Debug|Any CPU
		{B84506A5-8039-4CA2-B457-D72EB41196C8}.Debug|Any CPU.Build.0 = Debug|Any CPU
		{B84506A5-8039-4CA2-B457-D72EB41196C8}.Release|Any CPU.ActiveCfg = Release|Any CPU
		{B84506A5-8039-4CA2-B457-D72EB41196C8}.Release|Any CPU.Build.0 = Release|Any CPU
		{653B4CCF-F4D0-44F5-8762-AE532C0CD233}.Debug|Any CPU.ActiveCfg = Debug|Any CPU
		{653B4CCF-F4D0-44F5-8762-AE532C0CD233}.Debug|Any CPU.Build.0 = Debug|Any CPU
		{653B4CCF-F4D0-44F5-8762-AE532C0CD233}.Release|Any CPU.ActiveCfg = Release|Any CPU
		{653B4CCF-F4D0-44F5-8762-AE532C0CD233}.Release|Any CPU.Build.0 = Release|Any CPU
		{A594C445-0D76-4BB4-8A83-DB8D530D217C}.Debug|Any CPU.ActiveCfg = Debug|Any CPU
		{A594C445-0D76-4BB4-8A83-DB8D530D217C}.Debug|Any CPU.Build.0 = Debug|Any CPU
		{A594C445-0D76-4BB4-8A83-DB8D530D217C}.Release|Any CPU.ActiveCfg = Release|Any CPU
		{A594C445-0D76-4BB4-8A83-DB8D530D217C}.Release|Any CPU.Build.0 = Release|Any CPU
		{4F916F23-08DD-4037-B18C-93F26DCDA65F}.Debug|Any CPU.ActiveCfg = Debug|Any CPU
		{4F916F23-08DD-4037-B18C-93F26DCDA65F}.Debug|Any CPU.Build.0 = Debug|Any CPU
		{4F916F23-08DD-4037-B18C-93F26DCDA65F}.Release|Any CPU.ActiveCfg = Release|Any CPU
		{4F916F23-08DD-4037-B18C-93F26DCDA65F}.Release|Any CPU.Build.0 = Release|Any CPU
		{8F98FC79-CBF2-41DD-A1D1-AD74AFCFF172}.Debug|Any CPU.ActiveCfg = Debug|Any CPU
		{8F98FC79-CBF2-41DD-A1D1-AD74AFCFF172}.Debug|Any CPU.Build.0 = Debug|Any CPU
		{8F98FC79-CBF2-41DD-A1D1-AD74AFCFF172}.Release|Any CPU.ActiveCfg = Release|Any CPU
		{8F98FC79-CBF2-41DD-A1D1-AD74AFCFF172}.Release|Any CPU.Build.0 = Release|Any CPU
		{9DE2FAB7-F3C3-4F4B-8590-8B5FB9282E2C}.Debug|Any CPU.ActiveCfg = Debug|Any CPU
		{9DE2FAB7-F3C3-4F4B-8590-8B5FB9282E2C}.Debug|Any CPU.Build.0 = Debug|Any CPU
		{9DE2FAB7-F3C3-4F4B-8590-8B5FB9282E2C}.Release|Any CPU.ActiveCfg = Release|Any CPU
		{9DE2FAB7-F3C3-4F4B-8590-8B5FB9282E2C}.Release|Any CPU.Build.0 = Release|Any CPU
		{745EF829-8025-499A-B483-B2731D07B637}.Debug|Any CPU.ActiveCfg = Debug|Any CPU
		{745EF829-8025-499A-B483-B2731D07B637}.Debug|Any CPU.Build.0 = Debug|Any CPU
		{745EF829-8025-499A-B483-B2731D07B637}.Release|Any CPU.ActiveCfg = Release|Any CPU
		{745EF829-8025-499A-B483-B2731D07B637}.Release|Any CPU.Build.0 = Release|Any CPU
	EndGlobalSection
	GlobalSection(SolutionProperties) = preSolution
		HideSolutionNode = FALSE
	EndGlobalSection
	GlobalSection(ExtensibilityGlobals) = postSolution
		SolutionGuid = {76135CC4-5BCD-490D-B12C-F869AB69A12A}
	EndGlobalSection
EndGlobal
